
Microsoft Visual Studio Solution File, Format Version 12.00
# Visual Studio Version 16
VisualStudioVersion = 16.0.32602.291
MinimumVisualStudioVersion = 10.0.40219.1
Project("{FAE04EC0-301F-11D3-BF4B-00C04F79EFBC}") = "cursobasico", "cursobasico.csproj", "{58C6E1F7-3739-40F1-8FA6-1403753807D3}"
EndProject
Global
	GlobalSection(SolutionConfigurationPlatforms) = preSolution
		Debug|Any CPU = Debug|Any CPU
		Release|Any CPU = Release|Any CPU
	EndGlobalSection
	GlobalSection(ProjectConfigurationPlatforms) = postSolution
		{58C6E1F7-3739-40F1-8FA6-1403753807D3}.Debug|Any CPU.ActiveCfg = Debug|Any CPU
		{58C6E1F7-3739-40F1-8FA6-1403753807D3}.Debug|Any CPU.Build.0 = Debug|Any CPU
		{58C6E1F7-3739-40F1-8FA6-1403753807D3}.Release|Any CPU.ActiveCfg = Release|Any CPU
		{58C6E1F7-3739-40F1-8FA6-1403753807D3}.Release|Any CPU.Build.0 = Release|Any CPU
	EndGlobalSection
	GlobalSection(SolutionProperties) = preSolution
		HideSolutionNode = FALSE
	EndGlobalSection
	GlobalSection(ExtensibilityGlobals) = postSolution
		SolutionGuid = {7573747A-91AB-4657-8F25-F1965EFD1C0F}
	EndGlobalSection
EndGlobal
